lockfileVersion: '6.0'

devDependencies:
  '@playwright/test':
    specifier: ^1.28.0
    version: 1.28.0

packages:

  /@playwright/test@1.28.0:
    resolution: {integrity: sha512-vrHs5DFTPwYox5SGKq/7TDn/S4q6RA1zArd7uhO6EyP9hj3XgZBBM12ktMbnDQNxh/fL1IUKsTNLxihmsU38lQ==}
    engines: {node: '>=14'}
    hasBin: true
    dependencies:
      '@types/node': 20.2.5
      playwright-core: 1.28.0
    dev: true

  /@types/node@20.2.5:
    resolution: {integrity: sha512-JJulVEQXmiY9Px5axXHeYGLSjhkZEnD+MDPDGbCbIAbMslkKwmygtZFy1X6s/075Yo94sf8GuSlFfPzysQrWZQ==}
    dev: true

  /playwright-core@1.28.0:
    resolution: {integrity: sha512-nJLknd28kPBiCNTbqpu6Wmkrh63OEqJSFw9xOfL9qxfNwody7h6/L3O2dZoWQ6Oxcm0VOHjWmGiCUGkc0X3VZA==}
    engines: {node: '>=14'}
    hasBin: true
    dev: true
